{
    "_readme": [
        "This file locks the dependencies of your project to a known state",
        "Read more about it at http://getcomposer.org/doc/01-basic-usage.md#composer-lock-the-lock-file",
        "This file is @generated automatically"
    ],
    "hash": "3650c35bb4849ada9a6aa739caf93e71",
    "packages": [
        {
            "name": "soundintheory/php-sql-parser",
            "version": "1.0",
            "source": {
                "type": "git",
                "url": "https://github.com/soundintheory/php-sql-parser.git",
                "reference": "dcb81216a13be124d21711b8fefb6e80db7af472"
            },
            "dist": {
                "type": "zip",
                "url": "https://api.github.com/repos/soundintheory/php-sql-parser/zipball/dcb81216a13be124d21711b8fefb6e80db7af472",
                "reference": "dcb81216a13be124d21711b8fefb6e80db7af472",
                "shasum": ""
            },
            "require": {
                "php": ">=5.3.3"
            },
            "type": "library",
            "autoload": {
                "psr-0": {
                    "PHPSQL": "src/"
                }
            },
            "notification-url": "https://packagist.org/downloads/",
            "license": [
                "BSD-2-Clause"
            ],
            "authors": [
                {
                    "name": "André Rothe",
                    "email": "phosco@gmx.de",
                    "homepage": "https://www.phosco.info",
                    "role": "Committer"
                },
                {
                    "name": "Justin Swanhart",
                    "email": "greenlion@gmail.com",
                    "homepage": "http://code.google.com/u/greenlion@gmail.com/",
                    "role": "Owner"
                },
                {
                    "name": "Andy White",
                    "homepage": "https://github.com/soundintheory",
                    "role": "maintainer"
                },
                {
                    "name": "Dan Vande More",
                    "homepage": "https://github.com/fimbulvetr",
                    "role": "contributor"
                }
            ],
            "description": "SQL parsing tools for PHP",
            "time": "2013-08-09 21:16:50"
        },
        {
            "name": "zebra/merge_table",
            "version": "dev-master",
            "source": {
                "type": "git",
                "url": "https://github.com/PHP-Zebra/Zebra-MergeTable.git",
                "reference": "fcdd19f58d11ebd5bfc084e0e9c82f42d69eef75"
            },
            "dist": {
                "type": "zip",
                "url": "https://api.github.com/repos/PHP-Zebra/Zebra-MergeTable/zipball/fcdd19f58d11ebd5bfc084e0e9c82f42d69eef75",
                "reference": "fcdd19f58d11ebd5bfc084e0e9c82f42d69eef75",
                "shasum": ""
            },
            "require": {
                "php": ">=5.3.0",
                "soundintheory/php-sql-parser": "1.0"
            },
            "type": "library",
            "autoload": {
                "psr-0": {
                    "Zebra\\MergeTable": "src/"
                }
            },
            "notification-url": "https://packagist.org/downloads/",
            "license": [
                "MIT"
            ],
            "authors": [
                {
                    "name": "Jenner, xufeng",
                    "email": "hypxm@qq.com",
                    "homepage": "http://www.huyanping.cn"
                }
            ],
            "description": "database merge table",
            "keywords": [
                "merge table",
                "mysql",
                "sql"
            ],
            "time": "2014-11-28 13:27:53"
        }
    ],
    "packages-dev": [],
    "aliases": [],
    "minimum-stability": "stable",
    "stability-flags": {
        "zebra/merge_table": 20
    },
    "prefer-stable": false,
    "platform": {
        "php": ">=5.3.0"
    },
    "platform-dev": []
}
